
Microsoft Visual Studio Solution File, Format Version 12.00
# Visual Studio Version 17
VisualStudioVersion = 17.1.32228.430
MinimumVisualStudioVersion = 10.0.40219.1
Project("{FAE04EC0-301F-11D3-BF4B-00C04F79EFBC}") = "DesignPatterns2", "DesignPatterns2\DesignPatterns2.csproj", "{114E7984-3178-4ED0-9DC3-F9DB385D2AB5}"
EndProject
Project("{2150E333-8FDC-42A3-9474-1A3956D46DE8}") = "Aula01", "Aula01", "{5288C97B-B156-412E-9FCF-149169994017}"
EndProject
Project("{2150E333-8FDC-42A3-9474-1A3956D46DE8}") = "Aula02", "Aula02", "{5EB4EA79-764D-4E0F-AF2D-CDD1140A8B3F}"
EndProject
Global
	GlobalSection(SolutionConfigurationPlatforms) = preSolution
		Debug|Any CPU = Debug|Any CPU
		Release|Any CPU = Release|Any CPU
	EndGlobalSection
	GlobalSection(ProjectConfigurationPlatforms) = postSolution
		{114E7984-3178-4ED0-9DC3-F9DB385D2AB5}.Debug|Any CPU.ActiveCfg = Debug|Any CPU
		{114E7984-3178-4ED0-9DC3-F9DB385D2AB5}.Debug|Any CPU.Build.0 = Debug|Any CPU
		{114E7984-3178-4ED0-9DC3-F9DB385D2AB5}.Release|Any CPU.ActiveCfg = Release|Any CPU
		{114E7984-3178-4ED0-9DC3-F9DB385D2AB5}.Release|Any CPU.Build.0 = Release|Any CPU
	EndGlobalSection
	GlobalSection(SolutionProperties) = preSolution
		HideSolutionNode = FALSE
	EndGlobalSection
	GlobalSection(NestedProjects) = preSolution
		{114E7984-3178-4ED0-9DC3-F9DB385D2AB5} = {5288C97B-B156-412E-9FCF-149169994017}
	EndGlobalSection
	GlobalSection(ExtensibilityGlobals) = postSolution
		SolutionGuid = {92550C06-3D66-453F-859F-EEAA506E9319}
	EndGlobalSection
EndGlobal
