
Microsoft Visual Studio Solution File, Format Version 12.00
# Visual Studio Version 17
VisualStudioVersion = 17.1.32228.430
MinimumVisualStudioVersion = 10.0.40219.1
Project("{FAE04EC0-301F-11D3-BF4B-00C04F79EFBC}") = "DesignPatterns2", "DesignPatterns2\DesignPatterns2.csproj", "{114E7984-3178-4ED0-9DC3-F9DB385D2AB5}"
EndProject
Project("{2150E333-8FDC-42A3-9474-1A3956D46DE8}") = "Aula01", "Aula01", "{5288C97B-B156-412E-9FCF-149169994017}"
EndProject
Project("{2150E333-8FDC-42A3-9474-1A3956D46DE8}") = "Aula02", "Aula02", "{5EB4EA79-764D-4E0F-AF2D-CDD1140A8B3F}"
EndProject
Project("{FAE04EC0-301F-11D3-BF4B-00C04F79EFBC}") = "A.2_DesignPatternsFlyWeight", "A.2_DesignPatternsFlyWeight\A.2_DesignPatternsFlyWeight.csproj", "{7C445B2E-54AA-46EF-9B90-239DF608A859}"
EndProject
Project("{2150E333-8FDC-42A3-9474-1A3956D46DE8}") = "Aula03", "Aula03", "{174985C8-02B8-460F-B472-FD4506686433}"
EndProject
Project("{FAE04EC0-301F-11D3-BF4B-00C04F79EFBC}") = "A.3_DesignPatternsMemento", "A.3_DesignPatternsMemento\A.3_DesignPatternsMemento.csproj", "{F54E15BA-BAD7-4682-ADF9-AE7F27ED2979}"
EndProject
Project("{2150E333-8FDC-42A3-9474-1A3956D46DE8}") = "Aula04", "Aula04", "{BA88E24F-50AD-451D-8A5A-F9D201F86D07}"
EndProject
Project("{FAE04EC0-301F-11D3-BF4B-00C04F79EFBC}") = "A.4_DesignPatternDSL_Interpreter", "A.4_DesignPatternDSL_Interpreter\A.4_DesignPatternDSL_Interpreter.csproj", "{36AAA6B0-23EE-4B29-8093-E89FD04447C5}"
EndProject
Project("{2150E333-8FDC-42A3-9474-1A3956D46DE8}") = "Aula05", "Aula05", "{03EAFD82-9DFD-474C-B382-EA4D3DC817BC}"
EndProject
Project("{FAE04EC0-301F-11D3-BF4B-00C04F79EFBC}") = "A.5_DesignPatternVisitor", "A.5_DesignPatternVisitor\A.5_DesignPatternVisitor.csproj", "{3078FC4E-9664-4BA8-B2CE-BBB5E9260107}"
EndProject
Global
	GlobalSection(SolutionConfigurationPlatforms) = preSolution
		Debug|Any CPU = Debug|Any CPU
		Release|Any CPU = Release|Any CPU
	EndGlobalSection
	GlobalSection(ProjectConfigurationPlatforms) = postSolution
		{114E7984-3178-4ED0-9DC3-F9DB385D2AB5}.Debug|Any CPU.ActiveCfg = Debug|Any CPU
		{114E7984-3178-4ED0-9DC3-F9DB385D2AB5}.Debug|Any CPU.Build.0 = Debug|Any CPU
		{114E7984-3178-4ED0-9DC3-F9DB385D2AB5}.Release|Any CPU.ActiveCfg = Release|Any CPU
		{114E7984-3178-4ED0-9DC3-F9DB385D2AB5}.Release|Any CPU.Build.0 = Release|Any CPU
		{7C445B2E-54AA-46EF-9B90-239DF608A859}.Debug|Any CPU.ActiveCfg = Debug|Any CPU
		{7C445B2E-54AA-46EF-9B90-239DF608A859}.Debug|Any CPU.Build.0 = Debug|Any CPU
		{7C445B2E-54AA-46EF-9B90-239DF608A859}.Release|Any CPU.ActiveCfg = Release|Any CPU
		{7C445B2E-54AA-46EF-9B90-239DF608A859}.Release|Any CPU.Build.0 = Release|Any CPU
		{F54E15BA-BAD7-4682-ADF9-AE7F27ED2979}.Debug|Any CPU.ActiveCfg = Debug|Any CPU
		{F54E15BA-BAD7-4682-ADF9-AE7F27ED2979}.Debug|Any CPU.Build.0 = Debug|Any CPU
		{F54E15BA-BAD7-4682-ADF9-AE7F27ED2979}.Release|Any CPU.ActiveCfg = Release|Any CPU
		{F54E15BA-BAD7-4682-ADF9-AE7F27ED2979}.Release|Any CPU.Build.0 = Release|Any CPU
		{36AAA6B0-23EE-4B29-8093-E89FD04447C5}.Debug|Any CPU.ActiveCfg = Debug|Any CPU
		{36AAA6B0-23EE-4B29-8093-E89FD04447C5}.Debug|Any CPU.Build.0 = Debug|Any CPU
		{36AAA6B0-23EE-4B29-8093-E89FD04447C5}.Release|Any CPU.ActiveCfg = Release|Any CPU
		{36AAA6B0-23EE-4B29-8093-E89FD04447C5}.Release|Any CPU.Build.0 = Release|Any CPU
		{3078FC4E-9664-4BA8-B2CE-BBB5E9260107}.Debug|Any CPU.ActiveCfg = Debug|Any CPU
		{3078FC4E-9664-4BA8-B2CE-BBB5E9260107}.Debug|Any CPU.Build.0 = Debug|Any CPU
		{3078FC4E-9664-4BA8-B2CE-BBB5E9260107}.Release|Any CPU.ActiveCfg = Release|Any CPU
		{3078FC4E-9664-4BA8-B2CE-BBB5E9260107}.Release|Any CPU.Build.0 = Release|Any CPU
	EndGlobalSection
	GlobalSection(SolutionProperties) = preSolution
		HideSolutionNode = FALSE
	EndGlobalSection
	GlobalSection(NestedProjects) = preSolution
		{114E7984-3178-4ED0-9DC3-F9DB385D2AB5} = {5288C97B-B156-412E-9FCF-149169994017}
		{7C445B2E-54AA-46EF-9B90-239DF608A859} = {5EB4EA79-764D-4E0F-AF2D-CDD1140A8B3F}
		{F54E15BA-BAD7-4682-ADF9-AE7F27ED2979} = {174985C8-02B8-460F-B472-FD4506686433}
		{36AAA6B0-23EE-4B29-8093-E89FD04447C5} = {BA88E24F-50AD-451D-8A5A-F9D201F86D07}
		{3078FC4E-9664-4BA8-B2CE-BBB5E9260107} = {03EAFD82-9DFD-474C-B382-EA4D3DC817BC}
	EndGlobalSection
	GlobalSection(ExtensibilityGlobals) = postSolution
		SolutionGuid = {92550C06-3D66-453F-859F-EEAA506E9319}
	EndGlobalSection
EndGlobal
