
Microsoft Visual Studio Solution File, Format Version 12.00
# Visual Studio Version 17
VisualStudioVersion = 17.1.32228.430
MinimumVisualStudioVersion = 10.0.40219.1
Project("{FAE04EC0-301F-11D3-BF4B-00C04F79EFBC}") = "A1._1_SortedList", "A1._1_SortedList\A1._1_SortedList.csproj", "{9D157D8E-E55A-492B-A4B7-916B823360DB}"
EndProject
Project("{FAE04EC0-301F-11D3-BF4B-00C04F79EFBC}") = "A1.2_SortedDictionary", "A1.2_SortedDictionary\A1.2_SortedDictionary.csproj", "{FE0FE933-EA47-4D4C-995C-6D6E9456F570}"
EndProject
Project("{FAE04EC0-301F-11D3-BF4B-00C04F79EFBC}") = "A1.3_SortedSet", "A1.3_SortedDictionary\A1.3_SortedSet.csproj", "{BE615F71-823C-4593-B3CB-7541EA77546F}"
EndProject
Project("{2150E333-8FDC-42A3-9474-1A3956D46DE8}") = "Aula01", "Aula01", "{D427D0CB-357E-442A-A37F-4713F7FF2031}"
EndProject
Project("{2150E333-8FDC-42A3-9474-1A3956D46DE8}") = "Aula02", "Aula02", "{B3F0FF4E-289C-4A83-B709-2C48699C52A8}"
EndProject
Project("{FAE04EC0-301F-11D3-BF4B-00C04F79EFBC}") = "A2.1_ArraysMultidimensionais", "A2.1_ArraysMultidimensionais\A2.1_ArraysMultidimensionais.csproj", "{850EE92C-6EAD-4BB7-AF70-F0F5599BF7D7}"
EndProject
Project("{FAE04EC0-301F-11D3-BF4B-00C04F79EFBC}") = "A2.2_JaggedArrays", "A2.2_JaggedArrays\A2.2_JaggedArrays.csproj", "{A506BC95-3AC1-4CF5-AE05-5C79FF8D41D9}"
EndProject
Project("{2150E333-8FDC-42A3-9474-1A3956D46DE8}") = "Aula03", "Aula03", "{9B613785-CFA0-454F-A2DF-4771BE8EDAB1}"
EndProject
Project("{FAE04EC0-301F-11D3-BF4B-00C04F79EFBC}") = "A3.1_ConsultandoCollections", "A3.1_ConsultandoCollections\A3.1_ConsultandoCollections.csproj", "{A44FBD11-337D-4140-BEA5-0C8D6AD5A230}"
EndProject
Project("{2150E333-8FDC-42A3-9474-1A3956D46DE8}") = "Aula04", "Aula04", "{5BC74804-3DBF-4609-8752-57CD35F74755}"
EndProject
Project("{FAE04EC0-301F-11D3-BF4B-00C04F79EFBC}") = "A4.1_OutrosOperadoresLINQ", "A4.1_OutrosOperadoresLINQ\A4.1_OutrosOperadoresLINQ.csproj", "{D1051E33-EDB6-445F-BF2A-35C850D2B9D2}"
EndProject
Project("{FAE04EC0-301F-11D3-BF4B-00C04F79EFBC}") = "A4.2_OperadoresDeConjuntos", "A4.2_OperadoresDeConjuntos\A4.2_OperadoresDeConjuntos.csproj", "{6443FA88-86EA-4ED3-B391-C81E51F3FFF9}"
EndProject
Project("{2150E333-8FDC-42A3-9474-1A3956D46DE8}") = "Aula05", "Aula05", "{8BBD8A22-6E10-4ED9-9C5E-30C208834FF6}"
EndProject
Project("{FAE04EC0-301F-11D3-BF4B-00C04F79EFBC}") = "A5.1_Covariancia", "A5.1_Covariancia\A5.1_Covariancia.csproj", "{ABDE7057-D99C-41DC-8B1F-CB5CD8000BF0}"
EndProject
Project("{FAE04EC0-301F-11D3-BF4B-00C04F79EFBC}") = "A5.2_Foreach", "A5.2_Foreach\A5.2_Foreach.csproj", "{3D87526A-1AAE-426B-90C5-D82DDF0ECCEF}"
EndProject
Global
	GlobalSection(SolutionConfigurationPlatforms) = preSolution
		Debug|Any CPU = Debug|Any CPU
		Release|Any CPU = Release|Any CPU
	EndGlobalSection
	GlobalSection(ProjectConfigurationPlatforms) = postSolution
		{9D157D8E-E55A-492B-A4B7-916B823360DB}.Debug|Any CPU.ActiveCfg = Debug|Any CPU
		{9D157D8E-E55A-492B-A4B7-916B823360DB}.Debug|Any CPU.Build.0 = Debug|Any CPU
		{9D157D8E-E55A-492B-A4B7-916B823360DB}.Release|Any CPU.ActiveCfg = Release|Any CPU
		{9D157D8E-E55A-492B-A4B7-916B823360DB}.Release|Any CPU.Build.0 = Release|Any CPU
		{FE0FE933-EA47-4D4C-995C-6D6E9456F570}.Debug|Any CPU.ActiveCfg = Debug|Any CPU
		{FE0FE933-EA47-4D4C-995C-6D6E9456F570}.Debug|Any CPU.Build.0 = Debug|Any CPU
		{FE0FE933-EA47-4D4C-995C-6D6E9456F570}.Release|Any CPU.ActiveCfg = Release|Any CPU
		{FE0FE933-EA47-4D4C-995C-6D6E9456F570}.Release|Any CPU.Build.0 = Release|Any CPU
		{BE615F71-823C-4593-B3CB-7541EA77546F}.Debug|Any CPU.ActiveCfg = Debug|Any CPU
		{BE615F71-823C-4593-B3CB-7541EA77546F}.Debug|Any CPU.Build.0 = Debug|Any CPU
		{BE615F71-823C-4593-B3CB-7541EA77546F}.Release|Any CPU.ActiveCfg = Release|Any CPU
		{BE615F71-823C-4593-B3CB-7541EA77546F}.Release|Any CPU.Build.0 = Release|Any CPU
		{850EE92C-6EAD-4BB7-AF70-F0F5599BF7D7}.Debug|Any CPU.ActiveCfg = Debug|Any CPU
		{850EE92C-6EAD-4BB7-AF70-F0F5599BF7D7}.Debug|Any CPU.Build.0 = Debug|Any CPU
		{850EE92C-6EAD-4BB7-AF70-F0F5599BF7D7}.Release|Any CPU.ActiveCfg = Release|Any CPU
		{850EE92C-6EAD-4BB7-AF70-F0F5599BF7D7}.Release|Any CPU.Build.0 = Release|Any CPU
		{A506BC95-3AC1-4CF5-AE05-5C79FF8D41D9}.Debug|Any CPU.ActiveCfg = Debug|Any CPU
		{A506BC95-3AC1-4CF5-AE05-5C79FF8D41D9}.Debug|Any CPU.Build.0 = Debug|Any CPU
		{A506BC95-3AC1-4CF5-AE05-5C79FF8D41D9}.Release|Any CPU.ActiveCfg = Release|Any CPU
		{A506BC95-3AC1-4CF5-AE05-5C79FF8D41D9}.Release|Any CPU.Build.0 = Release|Any CPU
		{A44FBD11-337D-4140-BEA5-0C8D6AD5A230}.Debug|Any CPU.ActiveCfg = Debug|Any CPU
		{A44FBD11-337D-4140-BEA5-0C8D6AD5A230}.Debug|Any CPU.Build.0 = Debug|Any CPU
		{A44FBD11-337D-4140-BEA5-0C8D6AD5A230}.Release|Any CPU.ActiveCfg = Release|Any CPU
		{A44FBD11-337D-4140-BEA5-0C8D6AD5A230}.Release|Any CPU.Build.0 = Release|Any CPU
		{D1051E33-EDB6-445F-BF2A-35C850D2B9D2}.Debug|Any CPU.ActiveCfg = Debug|Any CPU
		{D1051E33-EDB6-445F-BF2A-35C850D2B9D2}.Debug|Any CPU.Build.0 = Debug|Any CPU
		{D1051E33-EDB6-445F-BF2A-35C850D2B9D2}.Release|Any CPU.ActiveCfg = Release|Any CPU
		{D1051E33-EDB6-445F-BF2A-35C850D2B9D2}.Release|Any CPU.Build.0 = Release|Any CPU
		{6443FA88-86EA-4ED3-B391-C81E51F3FFF9}.Debug|Any CPU.ActiveCfg = Debug|Any CPU
		{6443FA88-86EA-4ED3-B391-C81E51F3FFF9}.Debug|Any CPU.Build.0 = Debug|Any CPU
		{6443FA88-86EA-4ED3-B391-C81E51F3FFF9}.Release|Any CPU.ActiveCfg = Release|Any CPU
		{6443FA88-86EA-4ED3-B391-C81E51F3FFF9}.Release|Any CPU.Build.0 = Release|Any CPU
		{ABDE7057-D99C-41DC-8B1F-CB5CD8000BF0}.Debug|Any CPU.ActiveCfg = Debug|Any CPU
		{ABDE7057-D99C-41DC-8B1F-CB5CD8000BF0}.Debug|Any CPU.Build.0 = Debug|Any CPU
		{ABDE7057-D99C-41DC-8B1F-CB5CD8000BF0}.Release|Any CPU.ActiveCfg = Release|Any CPU
		{ABDE7057-D99C-41DC-8B1F-CB5CD8000BF0}.Release|Any CPU.Build.0 = Release|Any CPU
		{3D87526A-1AAE-426B-90C5-D82DDF0ECCEF}.Debug|Any CPU.ActiveCfg = Debug|Any CPU
		{3D87526A-1AAE-426B-90C5-D82DDF0ECCEF}.Debug|Any CPU.Build.0 = Debug|Any CPU
		{3D87526A-1AAE-426B-90C5-D82DDF0ECCEF}.Release|Any CPU.ActiveCfg = Release|Any CPU
		{3D87526A-1AAE-426B-90C5-D82DDF0ECCEF}.Release|Any CPU.Build.0 = Release|Any CPU
	EndGlobalSection
	GlobalSection(SolutionProperties) = preSolution
		HideSolutionNode = FALSE
	EndGlobalSection
	GlobalSection(NestedProjects) = preSolution
		{9D157D8E-E55A-492B-A4B7-916B823360DB} = {D427D0CB-357E-442A-A37F-4713F7FF2031}
		{FE0FE933-EA47-4D4C-995C-6D6E9456F570} = {D427D0CB-357E-442A-A37F-4713F7FF2031}
		{BE615F71-823C-4593-B3CB-7541EA77546F} = {D427D0CB-357E-442A-A37F-4713F7FF2031}
		{850EE92C-6EAD-4BB7-AF70-F0F5599BF7D7} = {B3F0FF4E-289C-4A83-B709-2C48699C52A8}
		{A506BC95-3AC1-4CF5-AE05-5C79FF8D41D9} = {B3F0FF4E-289C-4A83-B709-2C48699C52A8}
		{A44FBD11-337D-4140-BEA5-0C8D6AD5A230} = {9B613785-CFA0-454F-A2DF-4771BE8EDAB1}
		{D1051E33-EDB6-445F-BF2A-35C850D2B9D2} = {5BC74804-3DBF-4609-8752-57CD35F74755}
		{6443FA88-86EA-4ED3-B391-C81E51F3FFF9} = {5BC74804-3DBF-4609-8752-57CD35F74755}
		{ABDE7057-D99C-41DC-8B1F-CB5CD8000BF0} = {8BBD8A22-6E10-4ED9-9C5E-30C208834FF6}
		{3D87526A-1AAE-426B-90C5-D82DDF0ECCEF} = {8BBD8A22-6E10-4ED9-9C5E-30C208834FF6}
	EndGlobalSection
	GlobalSection(ExtensibilityGlobals) = postSolution
		SolutionGuid = {C4BE8FFA-118D-475E-9780-C707E0A00FAE}
	EndGlobalSection
EndGlobal
